<Solution>
  <Folder Name="/src/" />
  <Folder Name="/src/BuildingBlocks/">
    <Project Path="src/BuildingBlocks/EShop.BuildingBlocks.Application/EShop.BuildingBlocks.Application.csproj" Id="e2e68245-c502-4744-9f5e-5d8301e7bc9d" />
    <Project Path="src/BuildingBlocks/EShop.BuildingBlocks.Domain/EShop.BuildingBlocks.Domain.csproj" Id="d71ada89-089b-455e-8005-fe64abfefb2e" />
    <Project Path="src/BuildingBlocks/EShop.BuildingBlocks.Infrastructure/EShop.BuildingBlocks.Infrastructure.csproj" Id="c6dc6a86-44aa-474d-88ec-2b67a6b46c5b" />
    <Project Path="src/BuildingBlocks/EShop.BuildingBlocks.Web/EShop.BuildingBlocks.Web.csproj" Id="365ad155-b9e4-4675-bc18-c899a9dbde1c" />
  </Folder>
  <Folder Name="/src/Services/" />
  <Folder Name="/src/Services/Catalog/">
    <Project Path="src/Services/Catalog/EShop.Catalog.Application/EShop.Catalog.Application.csproj" Id="544b6fed-44a8-4ef6-96e7-3678395cc5f2" />
    <Project Path="src/Services/Catalog/EShop.Catalog.Domain/EShop.Catalog.Domain.csproj" Id="0639e378-ab5c-43f7-9e76-764f55bc994b" />
    <Project Path="src/Services/Catalog/EShop.Catalog.Infrastructure/EShop.Catalog.Infrastructure.csproj" Id="bba420a4-8e98-4ab8-8187-b91792e74bca" />
  </Folder>
</Solution>
